# THIS IS AN AUTOGENERATED FILE. DO NOT EDIT THIS FILE DIRECTLY.
# yarn lockfile v1


"@types/mdast@^3.0.3":
  version "3.0.3"
  resolved "https://registry.npm.taobao.org/@types/mdast/download/@types/mdast-3.0.3.tgz#2d7d671b1cd1ea3deb306ea75036c2a0407d2deb"
  integrity sha1-LX1nGxzR6j3rMG6nUDbCoEB9Les=
  dependencies:
    "@types/unist" "*"

"@types/unist@*", "@types/unist@^2.0.0", "@types/unist@^2.0.3":
  version "2.0.3"
  resolved "https://registry.npm.taobao.org/@types/unist/download/@types/unist-2.0.3.tgz#9c088679876f374eb5983f150d4787aa6fb32d7e"
  integrity sha1-nAiGeYdvN061mD8VDUeHqm+zLX4=

ccount@^1.0.0:
  version "1.0.5"
  resolved "https://registry.npm.taobao.org/ccount/download/ccount-1.0.5.tgz#ac82a944905a65ce204eb03023157edf29425c17"
  integrity sha1-rIKpRJBaZc4gTrAwIxV+3ylCXBc=

character-entities-legacy@^1.0.0:
  version "1.1.4"
  resolved "https://registry.npm.taobao.org/character-entities-legacy/download/character-entities-legacy-1.1.4.tgz?cache=0&other_urls=https%3A%2F%2Fregistry.npm.taobao.org%2Fcharacter-entities-legacy%2Fdownload%2Fcharacter-entities-legacy-1.1.4.tgz#94bc1845dce70a5bb9d2ecc748725661293d8fc1"
  integrity sha1-lLwYRdznClu50uzHSHJWYSk9j8E=

character-entities@^1.0.0:
  version "1.2.4"
  resolved "https://registry.npm.taobao.org/character-entities/download/character-entities-1.2.4.tgz#e12c3939b7eaf4e5b15e7ad4c5e28e1d48c5b16b"
  integrity sha1-4Sw5Obfq9OWxXnrUxeKOHUjFsWs=

character-reference-invalid@^1.0.0:
  version "1.1.4"
  resolved "https://registry.npm.taobao.org/character-reference-invalid/download/character-reference-invalid-1.1.4.tgz?cache=0&other_urls=https%3A%2F%2Fregistry.npm.taobao.org%2Fcharacter-reference-invalid%2Fdownload%2Fcharacter-reference-invalid-1.1.4.tgz#083329cda0eae272ab3dbbf37e9a382c13af1560"
  integrity sha1-CDMpzaDq4nKrPbvzfpo4LBOvFWA=

collapse-white-space@^1.0.2:
  version "1.0.6"
  resolved "https://registry.npm.taobao.org/collapse-white-space/download/collapse-white-space-1.0.6.tgz#e63629c0016665792060dbbeb79c42239d2c5287"
  integrity sha1-5jYpwAFmZXkgYNu+t5xCI50sUoc=

"emoji-regex@>=6.0.0 <=6.1.1":
  version "6.1.1"
  resolved "https://registry.npm.taobao.org/emoji-regex/download/emoji-regex-6.1.1.tgz#c6cd0ec1b0642e2a3c67a1137efc5e796da4f88e"
  integrity sha1-xs0OwbBkLio8Z6ETfvxeeW2k+I4=

extend@^3.0.2:
  version "3.0.2"
  resolved "https://registry.npm.taobao.org/extend/download/extend-3.0.2.tgz#f8b1136b4071fbd8eb140aff858b1019ec2915fa"
  integrity sha1-+LETa0Bx+9jrFAr/hYsQGewpFfo=

github-slugger@^1.2.1, github-slugger@^1.3.0:
  version "1.3.0"
  resolved "https://registry.npm.taobao.org/github-slugger/download/github-slugger-1.3.0.tgz#9bd0a95c5efdfc46005e82a906ef8e2a059124c9"
  integrity sha1-m9CpXF79/EYAXoKpBu+OKgWRJMk=
  dependencies:
    emoji-regex ">=6.0.0 <=6.1.1"

hast-util-to-string@^1.0.3:
  version "1.0.3"
  resolved "https://registry.npm.taobao.org/hast-util-to-string/download/hast-util-to-string-1.0.3.tgz#897d4bbd0dc7a9b0765a943a82fa38136277de1f"
  integrity sha1-iX1LvQ3HqbB2WpQ6gvo4E2J33h8=

inherits@^2.0.0:
  version "2.0.4"
  resolved "https://registry.npm.taobao.org/inherits/download/inherits-2.0.4.tgz#0fa2c64f932917c3433a0ded55363aae37416b7c"
  integrity sha1-D6LGT5MpF8NDOg3tVTY6rjdBa3w=

is-alphabetical@^1.0.0:
  version "1.0.4"
  resolved "https://registry.npm.taobao.org/is-alphabetical/download/is-alphabetical-1.0.4.tgz#9e7d6b94916be22153745d184c298cbf986a686d"
  integrity sha1-nn1rlJFr4iFTdF0YTCmMv5hqaG0=

is-alphanumerical@^1.0.0:
  version "1.0.4"
  resolved "https://registry.npm.taobao.org/is-alphanumerical/download/is-alphanumerical-1.0.4.tgz#7eb9a2431f855f6b1ef1a78e326df515696c4dbf"
  integrity sha1-frmiQx+FX2se8aeOMm31FWlsTb8=
  dependencies:
    is-alphabetical "^1.0.0"
    is-decimal "^1.0.0"

is-decimal@^1.0.0:
  version "1.0.4"
  resolved "https://registry.npm.taobao.org/is-decimal/download/is-decimal-1.0.4.tgz#65a3a5958a1c5b63a706e1b333d7cd9f630d3fa5"
  integrity sha1-ZaOllYocW2OnBuGzM9fNn2MNP6U=

is-hexadecimal@^1.0.0:
  version "1.0.4"
  resolved "https://registry.npm.taobao.org/is-hexadecimal/download/is-hexadecimal-1.0.4.tgz#cc35c97588da4bd49a8eedd6bc4082d44dcb23a7"
  integrity sha1-zDXJdYjaS9Saju3WvECC1E3LI6c=

is-whitespace-character@^1.0.0:
  version "1.0.4"
  resolved "https://registry.npm.taobao.org/is-whitespace-character/download/is-whitespace-character-1.0.4.tgz#0858edd94a95594c7c9dd0b5c174ec6e45ee4aa7"
  integrity sha1-CFjt2UqVWUx8ndC1wXTsbkXuSqc=

is-word-character@^1.0.0:
  version "1.0.4"
  resolved "https://registry.npm.taobao.org/is-word-character/download/is-word-character-1.0.4.tgz#ce0e73216f98599060592f62ff31354ddbeb0230"
  integrity sha1-zg5zIW+YWZBgWS9i/zE1TdvrAjA=

markdown-escapes@^1.0.0:
  version "1.0.4"
  resolved "https://registry.npm.taobao.org/markdown-escapes/download/markdown-escapes-1.0.4.tgz#c95415ef451499d7602b91095f3c8e8975f78535"
  integrity sha1-yVQV70UUmddgK5EJXzyOiXX3hTU=

mdast-util-to-string@^1.0.5, mdast-util-to-string@^1.1.0:
  version "1.1.0"
  resolved "https://registry.npm.taobao.org/mdast-util-to-string/download/mdast-util-to-string-1.1.0.tgz#27055500103f51637bd07d01da01eb1967a43527"
  integrity sha1-JwVVABA/UWN70H0B2gHrGWekNSc=

mdast-util-toc@^5.0.3:
  version "5.0.3"
  resolved "https://registry.npm.taobao.org/mdast-util-toc/download/mdast-util-toc-5.0.3.tgz#5fb1503e3655688929d596799a6910cc6548e420"
  integrity sha1-X7FQPjZVaIkp1ZZ5mmkQzGVI5CA=
  dependencies:
    "@types/mdast" "^3.0.3"
    "@types/unist" "^2.0.3"
    extend "^3.0.2"
    github-slugger "^1.2.1"
    mdast-util-to-string "^1.0.5"
    unist-util-is "^4.0.0"
    unist-util-visit "^2.0.0"

parse-entities@^2.0.0:
  version "2.0.0"
  resolved "https://registry.npm.taobao.org/parse-entities/download/parse-entities-2.0.0.tgz?cache=0&sync_timestamp=1578990061117&other_urls=https%3A%2F%2Fregistry.npm.taobao.org%2Fparse-entities%2Fdownload%2Fparse-entities-2.0.0.tgz#53c6eb5b9314a1f4ec99fa0fdf7ce01ecda0cbe8"
  integrity sha1-U8brW5MUofTsmfoP33zgHs2gy+g=
  dependencies:
    character-entities "^1.0.0"
    character-entities-legacy "^1.0.0"
    character-reference-invalid "^1.0.0"
    is-alphanumerical "^1.0.0"
    is-decimal "^1.0.0"
    is-hexadecimal "^1.0.0"

remark-parse@^8.0.2:
  version "8.0.2"
  resolved "https://registry.npm.taobao.org/remark-parse/download/remark-parse-8.0.2.tgz#5999bc0b9c2e3edc038800a64ff103d0890b318b"
  integrity sha1-WZm8C5wuPtwDiACmT/ED0IkLMYs=
  dependencies:
    ccount "^1.0.0"
    collapse-white-space "^1.0.2"
    is-alphabetical "^1.0.0"
    is-decimal "^1.0.0"
    is-whitespace-character "^1.0.0"
    is-word-character "^1.0.0"
    markdown-escapes "^1.0.0"
    parse-entities "^2.0.0"
    repeat-string "^1.5.4"
    state-toggle "^1.0.0"
    trim "0.0.1"
    trim-trailing-lines "^1.0.0"
    unherit "^1.0.4"
    unist-util-remove-position "^2.0.0"
    vfile-location "^3.0.0"
    xtend "^4.0.1"

repeat-string@^1.5.4:
  version "1.6.1"
  resolved "https://registry.npm.taobao.org/repeat-string/download/repeat-string-1.6.1.tgz#8dcae470e1c88abc2d600fff4a776286da75e637"
  integrity sha1-jcrkcOHIirwtYA//Sndihtp15jc=

state-toggle@^1.0.0:
  version "1.0.3"
  resolved "https://registry.npm.taobao.org/state-toggle/download/state-toggle-1.0.3.tgz?cache=0&other_urls=https%3A%2F%2Fregistry.npm.taobao.org%2Fstate-toggle%2Fdownload%2Fstate-toggle-1.0.3.tgz#e123b16a88e143139b09c6852221bc9815917dfe"
  integrity sha1-4SOxaojhQxObCcaFIiG8mBWRff4=

trim-trailing-lines@^1.0.0:
  version "1.1.3"
  resolved "https://registry.npm.taobao.org/trim-trailing-lines/download/trim-trailing-lines-1.1.3.tgz#7f0739881ff76657b7776e10874128004b625a94"
  integrity sha1-fwc5iB/3Zle3d24Qh0EoAEtiWpQ=

trim@0.0.1:
  version "0.0.1"
  resolved "https://registry.npm.taobao.org/trim/download/trim-0.0.1.tgz#5858547f6b290757ee95cccc666fb50084c460dd"
  integrity sha1-WFhUf2spB1fulczMZm+1AITEYN0=

unherit@^1.0.4:
  version "1.1.3"
  resolved "https://registry.npm.taobao.org/unherit/download/unherit-1.1.3.tgz#6c9b503f2b41b262330c80e91c8614abdaa69c22"
  integrity sha1-bJtQPytBsmIzDIDpHIYUq9qmnCI=
  dependencies:
    inherits "^2.0.0"
    xtend "^4.0.0"

unist-util-is@^4.0.0, unist-util-is@^4.0.2:
  version "4.0.2"
  resolved "https://registry.npm.taobao.org/unist-util-is/download/unist-util-is-4.0.2.tgz?cache=0&sync_timestamp=1581962244776&other_urls=https%3A%2F%2Fregistry.npm.taobao.org%2Funist-util-is%2Fdownload%2Funist-util-is-4.0.2.tgz#c7d1341188aa9ce5b3cff538958de9895f14a5de"
  integrity sha1-x9E0EYiqnOWzz/U4lY3piV8Upd4=

unist-util-remove-position@^2.0.0:
  version "2.0.1"
  resolved "https://registry.npm.taobao.org/unist-util-remove-position/download/unist-util-remove-position-2.0.1.tgz#5d19ca79fdba712301999b2b73553ca8f3b352cc"
  integrity sha1-XRnKef26cSMBmZsrc1U8qPOzUsw=
  dependencies:
    unist-util-visit "^2.0.0"

unist-util-visit-parents@^3.0.0:
  version "3.0.2"
  resolved "https://registry.npm.taobao.org/unist-util-visit-parents/download/unist-util-visit-parents-3.0.2.tgz#d4076af3011739c71d2ce99d05de37d545f4351d"
  integrity sha1-1Adq8wEXOccdLOmdBd431UX0NR0=
  dependencies:
    "@types/unist" "^2.0.0"
    unist-util-is "^4.0.0"

unist-util-visit@^2.0.0, unist-util-visit@^2.0.2:
  version "2.0.2"
  resolved "https://registry.npm.taobao.org/unist-util-visit/download/unist-util-visit-2.0.2.tgz#3843782a517de3d2357b4c193b24af2d9366afb7"
  integrity sha1-OEN4KlF949I1e0wZOySvLZNmr7c=
  dependencies:
    "@types/unist" "^2.0.0"
    unist-util-is "^4.0.0"
    unist-util-visit-parents "^3.0.0"

uuid@^8.1.0:
  version "8.1.0"
  resolved "https://registry.npm.taobao.org/uuid/download/uuid-8.1.0.tgz#6f1536eb43249f473abc6bd58ff983da1ca30d8d"
  integrity sha1-bxU260Mkn0c6vGvVj/mD2hyjDY0=

vfile-location@^3.0.0:
  version "3.0.1"
  resolved "https://registry.npm.taobao.org/vfile-location/download/vfile-location-3.0.1.tgz#d78677c3546de0f7cd977544c367266764d31bb3"
  integrity sha1-14Z3w1Rt4PfNl3VEw2cmZ2TTG7M=

xtend@^4.0.0, xtend@^4.0.1:
  version "4.0.2"
  resolved "https://registry.npm.taobao.org/xtend/download/xtend-4.0.2.tgz#bb72779f5fa465186b1f438f674fa347fdb5db54"
  integrity sha1-u3J3n1+kZRhrH0OPZ0+jR/2121Q=
